
Microsoft Visual Studio Solution File, Format Version 12.00
# Visual Studio Version 17
VisualStudioVersion = 17.5.33530.505
MinimumVisualStudioVersion = 10.0.40219.1
Project("{FAE04EC0-301F-11D3-BF4B-00C04F79EFBC}") = "Proje_MakaleWeb_Mvc", "Proje_MakaleWeb_Mvc\Proje_MakaleWeb_Mvc.csproj", "{01193604-A1BE-4E47-903B-21D420FAA89E}"
EndProject
Global
	GlobalSection(SolutionConfigurationPlatforms) = preSolution
		Debug|Any CPU = Debug|Any CPU
		Release|Any CPU = Release|Any CPU
	EndGlobalSection
	GlobalSection(ProjectConfigurationPlatforms) = postSolution
		{01193604-A1BE-4E47-903B-21D420FAA89E}.Debug|Any CPU.ActiveCfg = Debug|Any CPU
		{01193604-A1BE-4E47-903B-21D420FAA89E}.Debug|Any CPU.Build.0 = Debug|Any CPU
		{01193604-A1BE-4E47-903B-21D420FAA89E}.Release|Any CPU.ActiveCfg = Release|Any CPU
		{01193604-A1BE-4E47-903B-21D420FAA89E}.Release|Any CPU.Build.0 = Release|Any CPU
	EndGlobalSection
	GlobalSection(SolutionProperties) = preSolution
		HideSolutionNode = FALSE
	EndGlobalSection
	GlobalSection(ExtensibilityGlobals) = postSolution
		SolutionGuid = {67F2513D-B1DA-4EC0-83A1-BE507939AFE7}
	EndGlobalSection
EndGlobal
